
Microsoft Visual Studio Solution File, Format Version 12.00
# Visual Studio Version 17
VisualStudioVersion = 17.4.33103.184
MinimumVisualStudioVersion = 10.0.40219.1
Project("{2150E333-8FDC-42A3-9474-1A3956D46DE8}") = "Infra", "Infra", "{84C25DBC-936F-429B-8E28-249DEB900C28}"
EndProject
Project("{9A19103F-16F7-4668-BE54-9A1E7A4F7556}") = "Api", "Infra\Api\Api.csproj", "{FA896914-AF1B-4864-80D3-BD084B416FEA}"
EndProject
Project("{9A19103F-16F7-4668-BE54-9A1E7A4F7556}") = "Providers", "Infra\Providers\Providers.csproj", "{B13CB12B-EE75-4494-A368-55F4623E6AB5}"
EndProject
Global
	GlobalSection(SolutionConfigurationPlatforms) = preSolution
		Debug|Any CPU = Debug|Any CPU
		Release|Any CPU = Release|Any CPU
	EndGlobalSection
	GlobalSection(ProjectConfigurationPlatforms) = postSolution
		{FA896914-AF1B-4864-80D3-BD084B416FEA}.Debug|Any CPU.ActiveCfg = Debug|Any CPU
		{FA896914-AF1B-4864-80D3-BD084B416FEA}.Debug|Any CPU.Build.0 = Debug|Any CPU
		{FA896914-AF1B-4864-80D3-BD084B416FEA}.Release|Any CPU.ActiveCfg = Release|Any CPU
		{FA896914-AF1B-4864-80D3-BD084B416FEA}.Release|Any CPU.Build.0 = Release|Any CPU
		{B13CB12B-EE75-4494-A368-55F4623E6AB5}.Debug|Any CPU.ActiveCfg = Debug|Any CPU
		{B13CB12B-EE75-4494-A368-55F4623E6AB5}.Debug|Any CPU.Build.0 = Debug|Any CPU
		{B13CB12B-EE75-4494-A368-55F4623E6AB5}.Release|Any CPU.ActiveCfg = Release|Any CPU
		{B13CB12B-EE75-4494-A368-55F4623E6AB5}.Release|Any CPU.Build.0 = Release|Any CPU
	EndGlobalSection
	GlobalSection(SolutionProperties) = preSolution
		HideSolutionNode = FALSE
	EndGlobalSection
	GlobalSection(NestedProjects) = preSolution
		{FA896914-AF1B-4864-80D3-BD084B416FEA} = {84C25DBC-936F-429B-8E28-249DEB900C28}
		{B13CB12B-EE75-4494-A368-55F4623E6AB5} = {84C25DBC-936F-429B-8E28-249DEB900C28}
	EndGlobalSection
	GlobalSection(ExtensibilityGlobals) = postSolution
		SolutionGuid = {1C5E6CA6-2B99-4AA5-BE40-8EADED764188}
	EndGlobalSection
EndGlobal
